
Microsoft Visual Studio Solution File, Format Version 11.00
# Visual Studio 2010
Project("{2150E333-8FDC-42A3-9474-1A3956D46DE8}") = "BLL", "BLL", "{33D53385-4C49-4E66-8404-B2C2E169D5E0}"
EndProject
Project("{2150E333-8FDC-42A3-9474-1A3956D46DE8}") = "Solution Items", "Solution Items", "{4F7FBC48-34CE-428C-B4AD-6A10E7646985}"
	ProjectSection(SolutionItems) = preProject
		..\..\Framework\WeiSha.Common\WeiSha.Common.csproj.user = ..\..\Framework\WeiSha.Common\WeiSha.Common.csproj.user
	EndProjectSection
EndProject
Project("{2150E333-8FDC-42A3-9474-1A3956D46DE8}") = "Utility", "Utility", "{9E1AA0BC-6525-4FBD-940A-93AEF86188FB}"
EndProject
Project("{FAE04EC0-301F-11D3-BF4B-00C04F79EFBC}") = "Song.Entities", "Song.Entities\Song.Entities.csproj", "{985A8268-3A87-46B9-9744-650664719E67}"
EndProject
Project("{FAE04EC0-301F-11D3-BF4B-00C04F79EFBC}") = "Song.ServiceImpls", "Song.ServiceImpls\Song.ServiceImpls.csproj", "{378EF4E2-4ED6-4ED7-89E8-6B40B001E952}"
EndProject
Project("{FAE04EC0-301F-11D3-BF4B-00C04F79EFBC}") = "Song.ServiceInterfaces", "Song.ServiceInterfaces\Song.ServiceInterfaces.csproj", "{7CFB4DC1-8536-44A4-AF1D-2D7BDA8067C1}"
EndProject
Project("{FAE04EC0-301F-11D3-BF4B-00C04F79EFBC}") = "Song.Extend", "Song.Extend\Song.Extend.csproj", "{ED063AD3-3B5F-426F-8D6D-5417FF317FFB}"
EndProject
Project("{FAE04EC0-301F-11D3-BF4B-00C04F79EFBC}") = "Song.Site", "Song.Site\Song.Site.csproj", "{80FABE19-32B7-4FB3-AE8E-42E0447A9189}"
EndProject
Project("{2150E333-8FDC-42A3-9474-1A3956D46DE8}") = "Lib", "Lib", "{FDA0AAE6-47E9-4421-9C21-ED4B5C4A9BD0}"
	ProjectSection(SolutionItems) = preProject
		Lib\Common.Logging.dll = Lib\Common.Logging.dll
		Lib\ICSharpCode.SharpZipLib.dll = Lib\ICSharpCode.SharpZipLib.dll
		Lib\Microsoft.Web.Infrastructure.dll = Lib\Microsoft.Web.Infrastructure.dll
		Lib\Newtonsoft.Json.dll = Lib\Newtonsoft.Json.dll
		Lib\Newtonsoft.Json.xml = Lib\Newtonsoft.Json.xml
		Lib\NPOI.dll = Lib\NPOI.dll
		Lib\NPOI.OOXML.dll = Lib\NPOI.OOXML.dll
		Lib\NPOI.OpenXml4Net.dll = Lib\NPOI.OpenXml4Net.dll
		Lib\NPOI.OpenXmlFormats.dll = Lib\NPOI.OpenXmlFormats.dll
		Lib\NPOI.ScratchPad.HSSF.dll = Lib\NPOI.ScratchPad.HSSF.dll
		Lib\NPOI.ScratchPad.HWPF.dll = Lib\NPOI.ScratchPad.HWPF.dll
		Lib\Spring.Core.dll = Lib\Spring.Core.dll
		Lib\Spring.Data.dll = Lib\Spring.Data.dll
		Lib\System.Web.Mvc.dll = Lib\System.Web.Mvc.dll
		Lib\System.Web.WebPages.Deployment.dll = Lib\System.Web.WebPages.Deployment.dll
		Lib\System.Web.WebPages.dll = Lib\System.Web.WebPages.dll
		Lib\System.Web.WebPages.Razor.dll = Lib\System.Web.WebPages.Razor.dll
		Lib\System.Web.WebPages.Razor.xml = Lib\System.Web.WebPages.Razor.xml
		Lib\URLRewriter.dll = Lib\URLRewriter.dll
		Lib\WeiSha.Data.Generete.exe = Lib\WeiSha.Data.Generete.exe
		Lib\WeiSha.Data.XML = Lib\WeiSha.Data.XML
		Lib\WeiSha.SMS.dll = Lib\WeiSha.SMS.dll
		Lib\WeiSha.SMS.XML = Lib\WeiSha.SMS.XML
		Lib\WeiSha.Template.Engine.XML = Lib\WeiSha.Template.Engine.XML
		Lib\WeiSha.WebControl.XML = Lib\WeiSha.WebControl.XML
		Lib\WeiSha.WebEditor.XML = Lib\WeiSha.WebEditor.XML
	EndProjectSection
EndProject
Project("{FAE04EC0-301F-11D3-BF4B-00C04F79EFBC}") = "Song.Template", "Song.Template\Song.Template.csproj", "{739180BB-2529-485F-867F-28774EB2ACC9}"
EndProject
Global
	GlobalSection(SolutionConfigurationPlatforms) = preSolution
		Debug x64|Any CPU = Debug x64|Any CPU
		Debug x64|x64 = Debug x64|x64
		Debug x64|x86 = Debug x64|x86
		Debug|Any CPU = Debug|Any CPU
		Debug|x64 = Debug|x64
		Debug|x86 = Debug|x86
		Release|Any CPU = Release|Any CPU
		Release|x64 = Release|x64
		Release|x86 = Release|x86
		x64 Debug|Any CPU = x64 Debug|Any CPU
		x64 Debug|x64 = x64 Debug|x64
		x64 Debug|x86 = x64 Debug|x86
	EndGlobalSection
	GlobalSection(ProjectConfigurationPlatforms) = postSolution
		{985A8268-3A87-46B9-9744-650664719E67}.Debug x64|Any CPU.ActiveCfg = Debug|x64
		{985A8268-3A87-46B9-9744-650664719E67}.Debug x64|x64.ActiveCfg = Debug|x64
		{985A8268-3A87-46B9-9744-650664719E67}.Debug x64|x64.Build.0 = Debug|x64
		{985A8268-3A87-46B9-9744-650664719E67}.Debug x64|x86.ActiveCfg = Debug|x64
		{985A8268-3A87-46B9-9744-650664719E67}.Debug|Any CPU.ActiveCfg = Debug|Any CPU
		{985A8268-3A87-46B9-9744-650664719E67}.Debug|Any CPU.Build.0 = Debug|Any CPU
		{985A8268-3A87-46B9-9744-650664719E67}.Debug|x64.ActiveCfg = Debug|x64
		{985A8268-3A87-46B9-9744-650664719E67}.Debug|x64.Build.0 = Debug|x64
		{985A8268-3A87-46B9-9744-650664719E67}.Debug|x86.ActiveCfg = Debug|x86
		{985A8268-3A87-46B9-9744-650664719E67}.Debug|x86.Build.0 = Debug|x86
		{985A8268-3A87-46B9-9744-650664719E67}.Release|Any CPU.ActiveCfg = Release|Any CPU
		{985A8268-3A87-46B9-9744-650664719E67}.Release|Any CPU.Build.0 = Release|Any CPU
		{985A8268-3A87-46B9-9744-650664719E67}.Release|x64.ActiveCfg = Release|x86
		{985A8268-3A87-46B9-9744-650664719E67}.Release|x64.Build.0 = Release|x86
		{985A8268-3A87-46B9-9744-650664719E67}.Release|x86.ActiveCfg = Release|x86
		{985A8268-3A87-46B9-9744-650664719E67}.Release|x86.Build.0 = Release|x86
		{985A8268-3A87-46B9-9744-650664719E67}.x64 Debug|Any CPU.ActiveCfg = Debug|Any CPU
		{985A8268-3A87-46B9-9744-650664719E67}.x64 Debug|Any CPU.Build.0 = Debug|Any CPU
		{985A8268-3A87-46B9-9744-650664719E67}.x64 Debug|x64.ActiveCfg = Debug|x64
		{985A8268-3A87-46B9-9744-650664719E67}.x64 Debug|x64.Build.0 = Debug|x64
		{985A8268-3A87-46B9-9744-650664719E67}.x64 Debug|x86.ActiveCfg = Debug|x86
		{985A8268-3A87-46B9-9744-650664719E67}.x64 Debug|x86.Build.0 = Debug|x86
		{378EF4E2-4ED6-4ED7-89E8-6B40B001E952}.Debug x64|Any CPU.ActiveCfg = Debug|x64
		{378EF4E2-4ED6-4ED7-89E8-6B40B001E952}.Debug x64|x64.ActiveCfg = Debug|x64
		{378EF4E2-4ED6-4ED7-89E8-6B40B001E952}.Debug x64|x64.Build.0 = Debug|x64
		{378EF4E2-4ED6-4ED7-89E8-6B40B001E952}.Debug x64|x86.ActiveCfg = Debug|x64
		{378EF4E2-4ED6-4ED7-89E8-6B40B001E952}.Debug|Any CPU.ActiveCfg = Debug|Any CPU
		{378EF4E2-4ED6-4ED7-89E8-6B40B001E952}.Debug|Any CPU.Build.0 = Debug|Any CPU
		{378EF4E2-4ED6-4ED7-89E8-6B40B001E952}.Debug|x64.ActiveCfg = Debug|x64
		{378EF4E2-4ED6-4ED7-89E8-6B40B001E952}.Debug|x64.Build.0 = Debug|x64
		{378EF4E2-4ED6-4ED7-89E8-6B40B001E952}.Debug|x86.ActiveCfg = Debug|x86
		{378EF4E2-4ED6-4ED7-89E8-6B40B001E952}.Debug|x86.Build.0 = Debug|x86
		{378EF4E2-4ED6-4ED7-89E8-6B40B001E952}.Release|Any CPU.ActiveCfg = Release|Any CPU
		{378EF4E2-4ED6-4ED7-89E8-6B40B001E952}.Release|Any CPU.Build.0 = Release|Any CPU
		{378EF4E2-4ED6-4ED7-89E8-6B40B001E952}.Release|x64.ActiveCfg = Release|x86
		{378EF4E2-4ED6-4ED7-89E8-6B40B001E952}.Release|x64.Build.0 = Release|x86
		{378EF4E2-4ED6-4ED7-89E8-6B40B001E952}.Release|x86.ActiveCfg = Release|x86
		{378EF4E2-4ED6-4ED7-89E8-6B40B001E952}.Release|x86.Build.0 = Release|x86
		{378EF4E2-4ED6-4ED7-89E8-6B40B001E952}.x64 Debug|Any CPU.ActiveCfg = Debug|Any CPU
		{378EF4E2-4ED6-4ED7-89E8-6B40B001E952}.x64 Debug|Any CPU.Build.0 = Debug|Any CPU
		{378EF4E2-4ED6-4ED7-89E8-6B40B001E952}.x64 Debug|x64.ActiveCfg = Debug|x64
		{378EF4E2-4ED6-4ED7-89E8-6B40B001E952}.x64 Debug|x64.Build.0 = Debug|x64
		{378EF4E2-4ED6-4ED7-89E8-6B40B001E952}.x64 Debug|x86.ActiveCfg = Debug|x86
		{378EF4E2-4ED6-4ED7-89E8-6B40B001E952}.x64 Debug|x86.Build.0 = Debug|x86
		{7CFB4DC1-8536-44A4-AF1D-2D7BDA8067C1}.Debug x64|Any CPU.ActiveCfg = Debug|x64
		{7CFB4DC1-8536-44A4-AF1D-2D7BDA8067C1}.Debug x64|x64.ActiveCfg = Debug|x64
		{7CFB4DC1-8536-44A4-AF1D-2D7BDA8067C1}.Debug x64|x64.Build.0 = Debug|x64
		{7CFB4DC1-8536-44A4-AF1D-2D7BDA8067C1}.Debug x64|x86.ActiveCfg = Debug|x64
		{7CFB4DC1-8536-44A4-AF1D-2D7BDA8067C1}.Debug|Any CPU.ActiveCfg = Debug|Any CPU
		{7CFB4DC1-8536-44A4-AF1D-2D7BDA8067C1}.Debug|Any CPU.Build.0 = Debug|Any CPU
		{7CFB4DC1-8536-44A4-AF1D-2D7BDA8067C1}.Debug|x64.ActiveCfg = Debug|x64
		{7CFB4DC1-8536-44A4-AF1D-2D7BDA8067C1}.Debug|x64.Build.0 = Debug|x64
		{7CFB4DC1-8536-44A4-AF1D-2D7BDA8067C1}.Debug|x86.ActiveCfg = Debug|x86
		{7CFB4DC1-8536-44A4-AF1D-2D7BDA8067C1}.Debug|x86.Build.0 = Debug|x86
		{7CFB4DC1-8536-44A4-AF1D-2D7BDA8067C1}.Release|Any CPU.ActiveCfg = Release|Any CPU
		{7CFB4DC1-8536-44A4-AF1D-2D7BDA8067C1}.Release|Any CPU.Build.0 = Release|Any CPU
		{7CFB4DC1-8536-44A4-AF1D-2D7BDA8067C1}.Release|x64.ActiveCfg = Release|x86
		{7CFB4DC1-8536-44A4-AF1D-2D7BDA8067C1}.Release|x64.Build.0 = Release|x86
		{7CFB4DC1-8536-44A4-AF1D-2D7BDA8067C1}.Release|x86.ActiveCfg = Release|x86
		{7CFB4DC1-8536-44A4-AF1D-2D7BDA8067C1}.Release|x86.Build.0 = Release|x86
		{7CFB4DC1-8536-44A4-AF1D-2D7BDA8067C1}.x64 Debug|Any CPU.ActiveCfg = Debug|Any CPU
		{7CFB4DC1-8536-44A4-AF1D-2D7BDA8067C1}.x64 Debug|Any CPU.Build.0 = Debug|Any CPU
		{7CFB4DC1-8536-44A4-AF1D-2D7BDA8067C1}.x64 Debug|x64.ActiveCfg = Debug|x64
		{7CFB4DC1-8536-44A4-AF1D-2D7BDA8067C1}.x64 Debug|x64.Build.0 = Debug|x64
		{7CFB4DC1-8536-44A4-AF1D-2D7BDA8067C1}.x64 Debug|x86.ActiveCfg = Debug|x86
		{7CFB4DC1-8536-44A4-AF1D-2D7BDA8067C1}.x64 Debug|x86.Build.0 = Debug|x86
		{ED063AD3-3B5F-426F-8D6D-5417FF317FFB}.Debug x64|Any CPU.ActiveCfg = Debug|x64
		{ED063AD3-3B5F-426F-8D6D-5417FF317FFB}.Debug x64|x64.ActiveCfg = Debug|x64
		{ED063AD3-3B5F-426F-8D6D-5417FF317FFB}.Debug x64|x64.Build.0 = Debug|x64
		{ED063AD3-3B5F-426F-8D6D-5417FF317FFB}.Debug x64|x86.ActiveCfg = Debug|x64
		{ED063AD3-3B5F-426F-8D6D-5417FF317FFB}.Debug|Any CPU.ActiveCfg = Debug|Any CPU
		{ED063AD3-3B5F-426F-8D6D-5417FF317FFB}.Debug|Any CPU.Build.0 = Debug|Any CPU
		{ED063AD3-3B5F-426F-8D6D-5417FF317FFB}.Debug|x64.ActiveCfg = Debug|x64
		{ED063AD3-3B5F-426F-8D6D-5417FF317FFB}.Debug|x64.Build.0 = Debug|x64
		{ED063AD3-3B5F-426F-8D6D-5417FF317FFB}.Debug|x86.ActiveCfg = Debug|x86
		{ED063AD3-3B5F-426F-8D6D-5417FF317FFB}.Debug|x86.Build.0 = Debug|x86
		{ED063AD3-3B5F-426F-8D6D-5417FF317FFB}.Release|Any CPU.ActiveCfg = Release|Any CPU
		{ED063AD3-3B5F-426F-8D6D-5417FF317FFB}.Release|Any CPU.Build.0 = Release|Any CPU
		{ED063AD3-3B5F-426F-8D6D-5417FF317FFB}.Release|x64.ActiveCfg = Release|x86
		{ED063AD3-3B5F-426F-8D6D-5417FF317FFB}.Release|x64.Build.0 = Release|x86
		{ED063AD3-3B5F-426F-8D6D-5417FF317FFB}.Release|x86.ActiveCfg = Release|x86
		{ED063AD3-3B5F-426F-8D6D-5417FF317FFB}.Release|x86.Build.0 = Release|x86
		{ED063AD3-3B5F-426F-8D6D-5417FF317FFB}.x64 Debug|Any CPU.ActiveCfg = Debug|Any CPU
		{ED063AD3-3B5F-426F-8D6D-5417FF317FFB}.x64 Debug|Any CPU.Build.0 = Debug|Any CPU
		{ED063AD3-3B5F-426F-8D6D-5417FF317FFB}.x64 Debug|x64.ActiveCfg = Debug|x64
		{ED063AD3-3B5F-426F-8D6D-5417FF317FFB}.x64 Debug|x64.Build.0 = Debug|x64
		{ED063AD3-3B5F-426F-8D6D-5417FF317FFB}.x64 Debug|x86.ActiveCfg = Debug|x86
		{ED063AD3-3B5F-426F-8D6D-5417FF317FFB}.x64 Debug|x86.Build.0 = Debug|x86
		{80FABE19-32B7-4FB3-AE8E-42E0447A9189}.Debug x64|Any CPU.ActiveCfg = Debug|x64
		{80FABE19-32B7-4FB3-AE8E-42E0447A9189}.Debug x64|x64.ActiveCfg = Debug|x64
		{80FABE19-32B7-4FB3-AE8E-42E0447A9189}.Debug x64|x64.Build.0 = Debug|x64
		{80FABE19-32B7-4FB3-AE8E-42E0447A9189}.Debug x64|x86.ActiveCfg = Debug|x64
		{80FABE19-32B7-4FB3-AE8E-42E0447A9189}.Debug|Any CPU.ActiveCfg = Debug|Any CPU
		{80FABE19-32B7-4FB3-AE8E-42E0447A9189}.Debug|Any CPU.Build.0 = Debug|Any CPU
		{80FABE19-32B7-4FB3-AE8E-42E0447A9189}.Debug|x64.ActiveCfg = Debug|x64
		{80FABE19-32B7-4FB3-AE8E-42E0447A9189}.Debug|x64.Build.0 = Debug|x64
		{80FABE19-32B7-4FB3-AE8E-42E0447A9189}.Debug|x86.ActiveCfg = Debug|x86
		{80FABE19-32B7-4FB3-AE8E-42E0447A9189}.Debug|x86.Build.0 = Debug|x86
		{80FABE19-32B7-4FB3-AE8E-42E0447A9189}.Release|Any CPU.ActiveCfg = Release|Any CPU
		{80FABE19-32B7-4FB3-AE8E-42E0447A9189}.Release|Any CPU.Build.0 = Release|Any CPU
		{80FABE19-32B7-4FB3-AE8E-42E0447A9189}.Release|x64.ActiveCfg = Release|x86
		{80FABE19-32B7-4FB3-AE8E-42E0447A9189}.Release|x64.Build.0 = Release|x86
		{80FABE19-32B7-4FB3-AE8E-42E0447A9189}.Release|x86.ActiveCfg = Release|x86
		{80FABE19-32B7-4FB3-AE8E-42E0447A9189}.Release|x86.Build.0 = Release|x86
		{80FABE19-32B7-4FB3-AE8E-42E0447A9189}.x64 Debug|Any CPU.ActiveCfg = Debug|Any CPU
		{80FABE19-32B7-4FB3-AE8E-42E0447A9189}.x64 Debug|Any CPU.Build.0 = Debug|Any CPU
		{80FABE19-32B7-4FB3-AE8E-42E0447A9189}.x64 Debug|x64.ActiveCfg = Debug|x64
		{80FABE19-32B7-4FB3-AE8E-42E0447A9189}.x64 Debug|x64.Build.0 = Debug|x64
		{80FABE19-32B7-4FB3-AE8E-42E0447A9189}.x64 Debug|x86.ActiveCfg = Debug|x86
		{80FABE19-32B7-4FB3-AE8E-42E0447A9189}.x64 Debug|x86.Build.0 = Debug|x86
		{739180BB-2529-485F-867F-28774EB2ACC9}.Debug x64|Any CPU.ActiveCfg = Debug|Any CPU
		{739180BB-2529-485F-867F-28774EB2ACC9}.Debug x64|Any CPU.Build.0 = Debug|Any CPU
		{739180BB-2529-485F-867F-28774EB2ACC9}.Debug x64|x64.ActiveCfg = Debug|Any CPU
		{739180BB-2529-485F-867F-28774EB2ACC9}.Debug x64|x86.ActiveCfg = Debug|Any CPU
		{739180BB-2529-485F-867F-28774EB2ACC9}.Debug|Any CPU.ActiveCfg = Debug|Any CPU
		{739180BB-2529-485F-867F-28774EB2ACC9}.Debug|Any CPU.Build.0 = Debug|Any CPU
		{739180BB-2529-485F-867F-28774EB2ACC9}.Debug|x64.ActiveCfg = Debug|Any CPU
		{739180BB-2529-485F-867F-28774EB2ACC9}.Debug|x86.ActiveCfg = Debug|Any CPU
		{739180BB-2529-485F-867F-28774EB2ACC9}.Release|Any CPU.ActiveCfg = Release|Any CPU
		{739180BB-2529-485F-867F-28774EB2ACC9}.Release|Any CPU.Build.0 = Release|Any CPU
		{739180BB-2529-485F-867F-28774EB2ACC9}.Release|x64.ActiveCfg = Release|Any CPU
		{739180BB-2529-485F-867F-28774EB2ACC9}.Release|x86.ActiveCfg = Release|Any CPU
		{739180BB-2529-485F-867F-28774EB2ACC9}.x64 Debug|Any CPU.ActiveCfg = Debug|Any CPU
		{739180BB-2529-485F-867F-28774EB2ACC9}.x64 Debug|Any CPU.Build.0 = Debug|Any CPU
		{739180BB-2529-485F-867F-28774EB2ACC9}.x64 Debug|x64.ActiveCfg = Debug|Any CPU
		{739180BB-2529-485F-867F-28774EB2ACC9}.x64 Debug|x86.ActiveCfg = Debug|Any CPU
	EndGlobalSection
	GlobalSection(SolutionProperties) = preSolution
		HideSolutionNode = FALSE
	EndGlobalSection
	GlobalSection(NestedProjects) = preSolution
		{378EF4E2-4ED6-4ED7-89E8-6B40B001E952} = {33D53385-4C49-4E66-8404-B2C2E169D5E0}
		{7CFB4DC1-8536-44A4-AF1D-2D7BDA8067C1} = {33D53385-4C49-4E66-8404-B2C2E169D5E0}
		{985A8268-3A87-46B9-9744-650664719E67} = {9E1AA0BC-6525-4FBD-940A-93AEF86188FB}
		{ED063AD3-3B5F-426F-8D6D-5417FF317FFB} = {9E1AA0BC-6525-4FBD-940A-93AEF86188FB}
		{739180BB-2529-485F-867F-28774EB2ACC9} = {9E1AA0BC-6525-4FBD-940A-93AEF86188FB}
	EndGlobalSection
	GlobalSection(ExtensibilityGlobals) = postSolution
		VisualSVNWorkingCopyRoot = .
	EndGlobalSection
EndGlobal
